
Microsoft Visual Studio Solution File, Format Version 12.00
# Visual Studio Version 16
VisualStudioVersion = 16.0.31515.178
MinimumVisualStudioVersion = 10.0.40219.1
Project("{9A19103F-16F7-4668-BE54-9A1E7A4F7556}") = "GreatestCommonDivisor", "GreatestCommonDivisor\GreatestCommonDivisor.csproj", "{D83D4829-7DA1-4BD0-A02C-5558B4FE7704}"
EndProject
Project("{9A19103F-16F7-4668-BE54-9A1E7A4F7556}") = "GreatestCommonDivisorUI", "GreatestCommonDivisorUI\GreatestCommonDivisorUI.csproj", "{330D28A2-E8C9-4E39-A143-D9374D70BF62}"
EndProject
Project("{FAE04EC0-301F-11D3-BF4B-00C04F79EFBC}") = "GreatestCommonDivisorTests", "GreatestCommonDivisorTests\GreatestCommonDivisorTests.csproj", "{044EE1BB-1197-410E-8924-531D08E7D56F}"
EndProject
Global
	GlobalSection(SolutionConfigurationPlatforms) = preSolution
		Debug|Any CPU = Debug|Any CPU
		Release|Any CPU = Release|Any CPU
	EndGlobalSection
	GlobalSection(ProjectConfigurationPlatforms) = postSolution
		{D83D4829-7DA1-4BD0-A02C-5558B4FE7704}.Debug|Any CPU.ActiveCfg = Debug|Any CPU
		{D83D4829-7DA1-4BD0-A02C-5558B4FE7704}.Debug|Any CPU.Build.0 = Debug|Any CPU
		{D83D4829-7DA1-4BD0-A02C-5558B4FE7704}.Release|Any CPU.ActiveCfg = Release|Any CPU
		{D83D4829-7DA1-4BD0-A02C-5558B4FE7704}.Release|Any CPU.Build.0 = Release|Any CPU
		{330D28A2-E8C9-4E39-A143-D9374D70BF62}.Debug|Any CPU.ActiveCfg = Debug|Any CPU
		{330D28A2-E8C9-4E39-A143-D9374D70BF62}.Debug|Any CPU.Build.0 = Debug|Any CPU
		{330D28A2-E8C9-4E39-A143-D9374D70BF62}.Release|Any CPU.ActiveCfg = Release|Any CPU
		{330D28A2-E8C9-4E39-A143-D9374D70BF62}.Release|Any CPU.Build.0 = Release|Any CPU
		{044EE1BB-1197-410E-8924-531D08E7D56F}.Debug|Any CPU.ActiveCfg = Debug|Any CPU
		{044EE1BB-1197-410E-8924-531D08E7D56F}.Debug|Any CPU.Build.0 = Debug|Any CPU
		{044EE1BB-1197-410E-8924-531D08E7D56F}.Release|Any CPU.ActiveCfg = Release|Any CPU
		{044EE1BB-1197-410E-8924-531D08E7D56F}.Release|Any CPU.Build.0 = Release|Any CPU
	EndGlobalSection
	GlobalSection(SolutionProperties) = preSolution
		HideSolutionNode = FALSE
	EndGlobalSection
	GlobalSection(ExtensibilityGlobals) = postSolution
		SolutionGuid = {0B45CE4C-7330-41A5-9D33-07FABECCD211}
	EndGlobalSection
EndGlobal
