
Microsoft Visual Studio Solution File, Format Version 12.00
# Visual Studio Version 16
VisualStudioVersion = 16.0.31702.278
MinimumVisualStudioVersion = 10.0.40219.1
Project("{FAE04EC0-301F-11D3-BF4B-00C04F79EFBC}") = "ModelWithSynchronousProperty", "ModelWithSynchronousProperty\ModelWithSynchronousProperty.csproj", "{FD523054-38BF-4B73-A0E5-6E8F29EF4DC9}"
EndProject
Project("{FAE04EC0-301F-11D3-BF4B-00C04F79EFBC}") = "UI", "UI\UI.csproj", "{956261C0-0BA0-4C44-91FA-C83E91AB9B00}"
EndProject
Global
	GlobalSection(SolutionConfigurationPlatforms) = preSolution
		Debug|Any CPU = Debug|Any CPU
		Release|Any CPU = Release|Any CPU
	EndGlobalSection
	GlobalSection(ProjectConfigurationPlatforms) = postSolution
		{FD523054-38BF-4B73-A0E5-6E8F29EF4DC9}.Debug|Any CPU.ActiveCfg = Debug|Any CPU
		{FD523054-38BF-4B73-A0E5-6E8F29EF4DC9}.Debug|Any CPU.Build.0 = Debug|Any CPU
		{FD523054-38BF-4B73-A0E5-6E8F29EF4DC9}.Release|Any CPU.ActiveCfg = Release|Any CPU
		{FD523054-38BF-4B73-A0E5-6E8F29EF4DC9}.Release|Any CPU.Build.0 = Release|Any CPU
		{956261C0-0BA0-4C44-91FA-C83E91AB9B00}.Debug|Any CPU.ActiveCfg = Debug|Any CPU
		{956261C0-0BA0-4C44-91FA-C83E91AB9B00}.Debug|Any CPU.Build.0 = Debug|Any CPU
		{956261C0-0BA0-4C44-91FA-C83E91AB9B00}.Release|Any CPU.ActiveCfg = Release|Any CPU
		{956261C0-0BA0-4C44-91FA-C83E91AB9B00}.Release|Any CPU.Build.0 = Release|Any CPU
	EndGlobalSection
	GlobalSection(SolutionProperties) = preSolution
		HideSolutionNode = FALSE
	EndGlobalSection
	GlobalSection(ExtensibilityGlobals) = postSolution
		SolutionGuid = {AB33F3F8-49A7-4726-93F0-83067C13D6AD}
	EndGlobalSection
EndGlobal
