
Microsoft Visual Studio Solution File, Format Version 12.00
# Visual Studio Version 16
VisualStudioVersion = 16.0.30413.136
MinimumVisualStudioVersion = 10.0.40219.1
Project("{FAE04EC0-301F-11D3-BF4B-00C04F79EFBC}") = "Task1", "Task1\Task1.csproj", "{3F7C2A97-D31F-4269-8CFE-352EAF3D641D}"
EndProject
Project("{FAE04EC0-301F-11D3-BF4B-00C04F79EFBC}") = "ArrayLibrary", "ArrayLibrary\ArrayLibrary.csproj", "{6B539741-5850-4F7B-8B78-31E77A23AAB5}"
EndProject
Project("{FAE04EC0-301F-11D3-BF4B-00C04F79EFBC}") = "Task2", "Task2\Task2.csproj", "{33BE856F-8FCC-41B5-B22E-64B80F853D60}"
EndProject
Project("{FAE04EC0-301F-11D3-BF4B-00C04F79EFBC}") = "Task3", "Task3\Task3.csproj", "{1786ED3C-69B7-4E67-BF17-7566A981E3EA}"
EndProject
Project("{FAE04EC0-301F-11D3-BF4B-00C04F79EFBC}") = "Task4", "Task4\Task4.csproj", "{6F2F1703-3C96-4EB2-8ADA-46E71E05B45F}"
EndProject
Global
	GlobalSection(SolutionConfigurationPlatforms) = preSolution
		Debug|Any CPU = Debug|Any CPU
		Release|Any CPU = Release|Any CPU
	EndGlobalSection
	GlobalSection(ProjectConfigurationPlatforms) = postSolution
		{3F7C2A97-D31F-4269-8CFE-352EAF3D641D}.Debug|Any CPU.ActiveCfg = Debug|Any CPU
		{3F7C2A97-D31F-4269-8CFE-352EAF3D641D}.Debug|Any CPU.Build.0 = Debug|Any CPU
		{3F7C2A97-D31F-4269-8CFE-352EAF3D641D}.Release|Any CPU.ActiveCfg = Release|Any CPU
		{3F7C2A97-D31F-4269-8CFE-352EAF3D641D}.Release|Any CPU.Build.0 = Release|Any CPU
		{6B539741-5850-4F7B-8B78-31E77A23AAB5}.Debug|Any CPU.ActiveCfg = Debug|Any CPU
		{6B539741-5850-4F7B-8B78-31E77A23AAB5}.Debug|Any CPU.Build.0 = Debug|Any CPU
		{6B539741-5850-4F7B-8B78-31E77A23AAB5}.Release|Any CPU.ActiveCfg = Release|Any CPU
		{6B539741-5850-4F7B-8B78-31E77A23AAB5}.Release|Any CPU.Build.0 = Release|Any CPU
		{33BE856F-8FCC-41B5-B22E-64B80F853D60}.Debug|Any CPU.ActiveCfg = Debug|Any CPU
		{33BE856F-8FCC-41B5-B22E-64B80F853D60}.Debug|Any CPU.Build.0 = Debug|Any CPU
		{33BE856F-8FCC-41B5-B22E-64B80F853D60}.Release|Any CPU.ActiveCfg = Release|Any CPU
		{33BE856F-8FCC-41B5-B22E-64B80F853D60}.Release|Any CPU.Build.0 = Release|Any CPU
		{1786ED3C-69B7-4E67-BF17-7566A981E3EA}.Debug|Any CPU.ActiveCfg = Debug|Any CPU
		{1786ED3C-69B7-4E67-BF17-7566A981E3EA}.Debug|Any CPU.Build.0 = Debug|Any CPU
		{1786ED3C-69B7-4E67-BF17-7566A981E3EA}.Release|Any CPU.ActiveCfg = Release|Any CPU
		{1786ED3C-69B7-4E67-BF17-7566A981E3EA}.Release|Any CPU.Build.0 = Release|Any CPU
		{6F2F1703-3C96-4EB2-8ADA-46E71E05B45F}.Debug|Any CPU.ActiveCfg = Debug|Any CPU
		{6F2F1703-3C96-4EB2-8ADA-46E71E05B45F}.Debug|Any CPU.Build.0 = Debug|Any CPU
		{6F2F1703-3C96-4EB2-8ADA-46E71E05B45F}.Release|Any CPU.ActiveCfg = Release|Any CPU
		{6F2F1703-3C96-4EB2-8ADA-46E71E05B45F}.Release|Any CPU.Build.0 = Release|Any CPU
	EndGlobalSection
	GlobalSection(SolutionProperties) = preSolution
		HideSolutionNode = FALSE
	EndGlobalSection
	GlobalSection(ExtensibilityGlobals) = postSolution
		SolutionGuid = {BCA9733E-94D5-4A6C-BE00-4EF21E47784C}
	EndGlobalSection
EndGlobal
