
Microsoft Visual Studio Solution File, Format Version 12.00
# Visual Studio Version 16
VisualStudioVersion = 16.0.31702.278
MinimumVisualStudioVersion = 10.0.40219.1
Project("{9A19103F-16F7-4668-BE54-9A1E7A4F7556}") = "Matrix", "Matrix\Matrix.csproj", "{40C12192-1718-4474-A079-9D2342B5904C}"
EndProject
Project("{9A19103F-16F7-4668-BE54-9A1E7A4F7556}") = "MatrixUI", "MatrixUI\MatrixUI.csproj", "{CC4C349D-7617-439C-BD12-9AA01C49580E}"
EndProject
Project("{FAE04EC0-301F-11D3-BF4B-00C04F79EFBC}") = "MatrixTests", "MatrixTests\MatrixTests.csproj", "{09C700FB-E59E-4A81-8376-3E024F08FE87}"
EndProject
Global
	GlobalSection(SolutionConfigurationPlatforms) = preSolution
		Debug|Any CPU = Debug|Any CPU
		Release|Any CPU = Release|Any CPU
	EndGlobalSection
	GlobalSection(ProjectConfigurationPlatforms) = postSolution
		{40C12192-1718-4474-A079-9D2342B5904C}.Debug|Any CPU.ActiveCfg = Debug|Any CPU
		{40C12192-1718-4474-A079-9D2342B5904C}.Debug|Any CPU.Build.0 = Debug|Any CPU
		{40C12192-1718-4474-A079-9D2342B5904C}.Release|Any CPU.ActiveCfg = Release|Any CPU
		{40C12192-1718-4474-A079-9D2342B5904C}.Release|Any CPU.Build.0 = Release|Any CPU
		{CC4C349D-7617-439C-BD12-9AA01C49580E}.Debug|Any CPU.ActiveCfg = Debug|Any CPU
		{CC4C349D-7617-439C-BD12-9AA01C49580E}.Debug|Any CPU.Build.0 = Debug|Any CPU
		{CC4C349D-7617-439C-BD12-9AA01C49580E}.Release|Any CPU.ActiveCfg = Release|Any CPU
		{CC4C349D-7617-439C-BD12-9AA01C49580E}.Release|Any CPU.Build.0 = Release|Any CPU
		{09C700FB-E59E-4A81-8376-3E024F08FE87}.Debug|Any CPU.ActiveCfg = Debug|Any CPU
		{09C700FB-E59E-4A81-8376-3E024F08FE87}.Debug|Any CPU.Build.0 = Debug|Any CPU
		{09C700FB-E59E-4A81-8376-3E024F08FE87}.Release|Any CPU.ActiveCfg = Release|Any CPU
		{09C700FB-E59E-4A81-8376-3E024F08FE87}.Release|Any CPU.Build.0 = Release|Any CPU
	EndGlobalSection
	GlobalSection(SolutionProperties) = preSolution
		HideSolutionNode = FALSE
	EndGlobalSection
	GlobalSection(ExtensibilityGlobals) = postSolution
		SolutionGuid = {66F9D37D-C876-449F-B168-AB5C2AB98E9F}
	EndGlobalSection
EndGlobal
