
Microsoft Visual Studio Solution File, Format Version 12.00
# Visual Studio Version 16
VisualStudioVersion = 16.0.31702.278
MinimumVisualStudioVersion = 10.0.40219.1
Project("{9A19103F-16F7-4668-BE54-9A1E7A4F7556}") = "DownloaderUI", "DownloaderUI\DownloaderUI.csproj", "{4BB96608-8901-4F5D-84C8-020C57E0A9A9}"
EndProject
Project("{FAE04EC0-301F-11D3-BF4B-00C04F79EFBC}") = "Downloader", "Downloader\Downloader.csproj", "{D617CDC6-6E28-447F-9A7B-1EDD259A2759}"
EndProject
Global
	GlobalSection(SolutionConfigurationPlatforms) = preSolution
		Debug|Any CPU = Debug|Any CPU
		Release|Any CPU = Release|Any CPU
	EndGlobalSection
	GlobalSection(ProjectConfigurationPlatforms) = postSolution
		{4BB96608-8901-4F5D-84C8-020C57E0A9A9}.Debug|Any CPU.ActiveCfg = Debug|Any CPU
		{4BB96608-8901-4F5D-84C8-020C57E0A9A9}.Debug|Any CPU.Build.0 = Debug|Any CPU
		{4BB96608-8901-4F5D-84C8-020C57E0A9A9}.Release|Any CPU.ActiveCfg = Release|Any CPU
		{4BB96608-8901-4F5D-84C8-020C57E0A9A9}.Release|Any CPU.Build.0 = Release|Any CPU
		{D617CDC6-6E28-447F-9A7B-1EDD259A2759}.Debug|Any CPU.ActiveCfg = Debug|Any CPU
		{D617CDC6-6E28-447F-9A7B-1EDD259A2759}.Debug|Any CPU.Build.0 = Debug|Any CPU
		{D617CDC6-6E28-447F-9A7B-1EDD259A2759}.Release|Any CPU.ActiveCfg = Release|Any CPU
		{D617CDC6-6E28-447F-9A7B-1EDD259A2759}.Release|Any CPU.Build.0 = Release|Any CPU
	EndGlobalSection
	GlobalSection(SolutionProperties) = preSolution
		HideSolutionNode = FALSE
	EndGlobalSection
	GlobalSection(ExtensibilityGlobals) = postSolution
		SolutionGuid = {2AE8C900-2FDB-4A23-880E-11DA3CADE1EE}
	EndGlobalSection
EndGlobal
