
Microsoft Visual Studio Solution File, Format Version 12.00
# Visual Studio Version 16
VisualStudioVersion = 16.0.30413.136
MinimumVisualStudioVersion = 10.0.40219.1
Project("{FAE04EC0-301F-11D3-BF4B-00C04F79EFBC}") = "Task1", "Task1\Task1.csproj", "{377AB9CF-F22C-4ABA-B3B4-AFF31F83819C}"
EndProject
Project("{FAE04EC0-301F-11D3-BF4B-00C04F79EFBC}") = "Task2", "Task2\Task2.csproj", "{E8E98839-20CF-4E5C-A9B0-4E89097A55C2}"
EndProject
Project("{FAE04EC0-301F-11D3-BF4B-00C04F79EFBC}") = "ProgressionLibrary", "ProgressionLibrary\ProgressionLibrary.csproj", "{43D4CD2E-BB05-4C5C-9333-82B4C0E1E07A}"
EndProject
Project("{FAE04EC0-301F-11D3-BF4B-00C04F79EFBC}") = "Task3", "Task3\Task3.csproj", "{72A11A81-308B-4C37-9E94-AAA3DEC9DC65}"
EndProject
Project("{FAE04EC0-301F-11D3-BF4B-00C04F79EFBC}") = "Task4", "Task4\Task4.csproj", "{F9B98D5A-F9D9-4681-BE26-A40F32FFAE37}"
EndProject
Global
	GlobalSection(SolutionConfigurationPlatforms) = preSolution
		Debug|Any CPU = Debug|Any CPU
		Release|Any CPU = Release|Any CPU
	EndGlobalSection
	GlobalSection(ProjectConfigurationPlatforms) = postSolution
		{377AB9CF-F22C-4ABA-B3B4-AFF31F83819C}.Debug|Any CPU.ActiveCfg = Debug|Any CPU
		{377AB9CF-F22C-4ABA-B3B4-AFF31F83819C}.Debug|Any CPU.Build.0 = Debug|Any CPU
		{377AB9CF-F22C-4ABA-B3B4-AFF31F83819C}.Release|Any CPU.ActiveCfg = Release|Any CPU
		{377AB9CF-F22C-4ABA-B3B4-AFF31F83819C}.Release|Any CPU.Build.0 = Release|Any CPU
		{E8E98839-20CF-4E5C-A9B0-4E89097A55C2}.Debug|Any CPU.ActiveCfg = Debug|Any CPU
		{E8E98839-20CF-4E5C-A9B0-4E89097A55C2}.Debug|Any CPU.Build.0 = Debug|Any CPU
		{E8E98839-20CF-4E5C-A9B0-4E89097A55C2}.Release|Any CPU.ActiveCfg = Release|Any CPU
		{E8E98839-20CF-4E5C-A9B0-4E89097A55C2}.Release|Any CPU.Build.0 = Release|Any CPU
		{43D4CD2E-BB05-4C5C-9333-82B4C0E1E07A}.Debug|Any CPU.ActiveCfg = Debug|Any CPU
		{43D4CD2E-BB05-4C5C-9333-82B4C0E1E07A}.Debug|Any CPU.Build.0 = Debug|Any CPU
		{43D4CD2E-BB05-4C5C-9333-82B4C0E1E07A}.Release|Any CPU.ActiveCfg = Release|Any CPU
		{43D4CD2E-BB05-4C5C-9333-82B4C0E1E07A}.Release|Any CPU.Build.0 = Release|Any CPU
		{72A11A81-308B-4C37-9E94-AAA3DEC9DC65}.Debug|Any CPU.ActiveCfg = Debug|Any CPU
		{72A11A81-308B-4C37-9E94-AAA3DEC9DC65}.Debug|Any CPU.Build.0 = Debug|Any CPU
		{72A11A81-308B-4C37-9E94-AAA3DEC9DC65}.Release|Any CPU.ActiveCfg = Release|Any CPU
		{72A11A81-308B-4C37-9E94-AAA3DEC9DC65}.Release|Any CPU.Build.0 = Release|Any CPU
		{F9B98D5A-F9D9-4681-BE26-A40F32FFAE37}.Debug|Any CPU.ActiveCfg = Debug|Any CPU
		{F9B98D5A-F9D9-4681-BE26-A40F32FFAE37}.Debug|Any CPU.Build.0 = Debug|Any CPU
		{F9B98D5A-F9D9-4681-BE26-A40F32FFAE37}.Release|Any CPU.ActiveCfg = Release|Any CPU
		{F9B98D5A-F9D9-4681-BE26-A40F32FFAE37}.Release|Any CPU.Build.0 = Release|Any CPU
	EndGlobalSection
	GlobalSection(SolutionProperties) = preSolution
		HideSolutionNode = FALSE
	EndGlobalSection
	GlobalSection(ExtensibilityGlobals) = postSolution
		SolutionGuid = {CFB9BF21-DB4A-4DA8-9CEB-07EC94842379}
	EndGlobalSection
EndGlobal
