
Microsoft Visual Studio Solution File, Format Version 12.00
# Visual Studio Version 16
VisualStudioVersion = 16.0.31112.23
MinimumVisualStudioVersion = 10.0.40219.1
Project("{9A19103F-16F7-4668-BE54-9A1E7A4F7556}") = "Task1", "Task1\Task1.csproj", "{548C84EB-5C7D-40E1-BB59-35845A539670}"
EndProject
Project("{9A19103F-16F7-4668-BE54-9A1E7A4F7556}") = "Task2", "Task2\Task2.csproj", "{1A1237F3-FE2B-4E9B-8248-458840D40DB9}"
EndProject
Project("{FAE04EC0-301F-11D3-BF4B-00C04F79EFBC}") = "Task3", "Task3\Task3.csproj", "{A6F3B9BC-1EC6-4ED6-A68A-17A675461D2B}"
EndProject
Project("{FAE04EC0-301F-11D3-BF4B-00C04F79EFBC}") = "SortLibrary", "SortLibrary\SortLibrary.csproj", "{A8395458-DA81-43E7-B4F2-8ED1C9A867ED}"
EndProject
Global
	GlobalSection(SolutionConfigurationPlatforms) = preSolution
		Debug|Any CPU = Debug|Any CPU
		Release|Any CPU = Release|Any CPU
	EndGlobalSection
	GlobalSection(ProjectConfigurationPlatforms) = postSolution
		{548C84EB-5C7D-40E1-BB59-35845A539670}.Debug|Any CPU.ActiveCfg = Debug|Any CPU
		{548C84EB-5C7D-40E1-BB59-35845A539670}.Debug|Any CPU.Build.0 = Debug|Any CPU
		{548C84EB-5C7D-40E1-BB59-35845A539670}.Release|Any CPU.ActiveCfg = Release|Any CPU
		{548C84EB-5C7D-40E1-BB59-35845A539670}.Release|Any CPU.Build.0 = Release|Any CPU
		{1A1237F3-FE2B-4E9B-8248-458840D40DB9}.Debug|Any CPU.ActiveCfg = Debug|Any CPU
		{1A1237F3-FE2B-4E9B-8248-458840D40DB9}.Debug|Any CPU.Build.0 = Debug|Any CPU
		{1A1237F3-FE2B-4E9B-8248-458840D40DB9}.Release|Any CPU.ActiveCfg = Release|Any CPU
		{1A1237F3-FE2B-4E9B-8248-458840D40DB9}.Release|Any CPU.Build.0 = Release|Any CPU
		{A6F3B9BC-1EC6-4ED6-A68A-17A675461D2B}.Debug|Any CPU.ActiveCfg = Debug|Any CPU
		{A6F3B9BC-1EC6-4ED6-A68A-17A675461D2B}.Debug|Any CPU.Build.0 = Debug|Any CPU
		{A6F3B9BC-1EC6-4ED6-A68A-17A675461D2B}.Release|Any CPU.ActiveCfg = Release|Any CPU
		{A6F3B9BC-1EC6-4ED6-A68A-17A675461D2B}.Release|Any CPU.Build.0 = Release|Any CPU
		{A8395458-DA81-43E7-B4F2-8ED1C9A867ED}.Debug|Any CPU.ActiveCfg = Debug|Any CPU
		{A8395458-DA81-43E7-B4F2-8ED1C9A867ED}.Debug|Any CPU.Build.0 = Debug|Any CPU
		{A8395458-DA81-43E7-B4F2-8ED1C9A867ED}.Release|Any CPU.ActiveCfg = Release|Any CPU
		{A8395458-DA81-43E7-B4F2-8ED1C9A867ED}.Release|Any CPU.Build.0 = Release|Any CPU
	EndGlobalSection
	GlobalSection(SolutionProperties) = preSolution
		HideSolutionNode = FALSE
	EndGlobalSection
	GlobalSection(ExtensibilityGlobals) = postSolution
		SolutionGuid = {05A3CAD2-1C5A-480F-94D3-3CFA9FF6EDBA}
	EndGlobalSection
EndGlobal
