
Microsoft Visual Studio Solution File, Format Version 12.00
# Visual Studio Version 16
VisualStudioVersion = 16.0.32413.511
MinimumVisualStudioVersion = 10.0.40219.1
Project("{FAE04EC0-301F-11D3-BF4B-00C04F79EFBC}") = "Figures", "Figures\Figures.csproj", "{7FE2AC9F-EECF-4168-B7F1-DD88AD41F26C}"
EndProject
Project("{FAE04EC0-301F-11D3-BF4B-00C04F79EFBC}") = "FiguresTest", "FiguresTest\FiguresTest.csproj", "{656D2169-CFB5-46B9-9888-0F8162FFEE66}"
EndProject
Global
	GlobalSection(SolutionConfigurationPlatforms) = preSolution
		Debug|Any CPU = Debug|Any CPU
		Release|Any CPU = Release|Any CPU
	EndGlobalSection
	GlobalSection(ProjectConfigurationPlatforms) = postSolution
		{7FE2AC9F-EECF-4168-B7F1-DD88AD41F26C}.Debug|Any CPU.ActiveCfg = Debug|Any CPU
		{7FE2AC9F-EECF-4168-B7F1-DD88AD41F26C}.Debug|Any CPU.Build.0 = Debug|Any CPU
		{7FE2AC9F-EECF-4168-B7F1-DD88AD41F26C}.Release|Any CPU.ActiveCfg = Release|Any CPU
		{7FE2AC9F-EECF-4168-B7F1-DD88AD41F26C}.Release|Any CPU.Build.0 = Release|Any CPU
		{656D2169-CFB5-46B9-9888-0F8162FFEE66}.Debug|Any CPU.ActiveCfg = Debug|Any CPU
		{656D2169-CFB5-46B9-9888-0F8162FFEE66}.Debug|Any CPU.Build.0 = Debug|Any CPU
		{656D2169-CFB5-46B9-9888-0F8162FFEE66}.Release|Any CPU.ActiveCfg = Release|Any CPU
		{656D2169-CFB5-46B9-9888-0F8162FFEE66}.Release|Any CPU.Build.0 = Release|Any CPU
	EndGlobalSection
	GlobalSection(SolutionProperties) = preSolution
		HideSolutionNode = FALSE
	EndGlobalSection
	GlobalSection(ExtensibilityGlobals) = postSolution
		SolutionGuid = {E9CA744B-3A1D-4067-BC93-D685C5B1720A}
	EndGlobalSection
EndGlobal
