
Microsoft Visual Studio Solution File, Format Version 12.00
# Visual Studio Version 16
VisualStudioVersion = 16.0.31112.23
MinimumVisualStudioVersion = 10.0.40219.1
Project("{9A19103F-16F7-4668-BE54-9A1E7A4F7556}") = "BLL", "BLL\BLL.csproj", "{EA3BA313-8E3D-4CCC-857C-3155F2A5C2E4}"
EndProject
Project("{9A19103F-16F7-4668-BE54-9A1E7A4F7556}") = "DAL", "DAL\DAL.csproj", "{99844259-0A10-409F-81A1-192F628E0B8D}"
EndProject
Project("{9A19103F-16F7-4668-BE54-9A1E7A4F7556}") = "EntityLibrary", "EntityLibrary\EntityLibrary.csproj", "{69B1888A-2CC9-4779-89AF-768DFC05352F}"
EndProject
Project("{9A19103F-16F7-4668-BE54-9A1E7A4F7556}") = "HandlerValue", "InputHandlerValue\HandlerValue.csproj", "{F4AF4CEB-B5BA-431B-A7C2-27C82007AC5F}"
EndProject
Project("{9A19103F-16F7-4668-BE54-9A1E7A4F7556}") = "PL", "PL\PL.csproj", "{43BDEB0D-988B-4C0A-9E94-5581456B6DCE}"
EndProject
Global
	GlobalSection(SolutionConfigurationPlatforms) = preSolution
		Debug|Any CPU = Debug|Any CPU
		Release|Any CPU = Release|Any CPU
	EndGlobalSection
	GlobalSection(ProjectConfigurationPlatforms) = postSolution
		{EA3BA313-8E3D-4CCC-857C-3155F2A5C2E4}.Debug|Any CPU.ActiveCfg = Debug|Any CPU
		{EA3BA313-8E3D-4CCC-857C-3155F2A5C2E4}.Debug|Any CPU.Build.0 = Debug|Any CPU
		{EA3BA313-8E3D-4CCC-857C-3155F2A5C2E4}.Release|Any CPU.ActiveCfg = Release|Any CPU
		{EA3BA313-8E3D-4CCC-857C-3155F2A5C2E4}.Release|Any CPU.Build.0 = Release|Any CPU
		{99844259-0A10-409F-81A1-192F628E0B8D}.Debug|Any CPU.ActiveCfg = Debug|Any CPU
		{99844259-0A10-409F-81A1-192F628E0B8D}.Debug|Any CPU.Build.0 = Debug|Any CPU
		{99844259-0A10-409F-81A1-192F628E0B8D}.Release|Any CPU.ActiveCfg = Release|Any CPU
		{99844259-0A10-409F-81A1-192F628E0B8D}.Release|Any CPU.Build.0 = Release|Any CPU
		{69B1888A-2CC9-4779-89AF-768DFC05352F}.Debug|Any CPU.ActiveCfg = Debug|Any CPU
		{69B1888A-2CC9-4779-89AF-768DFC05352F}.Debug|Any CPU.Build.0 = Debug|Any CPU
		{69B1888A-2CC9-4779-89AF-768DFC05352F}.Release|Any CPU.ActiveCfg = Release|Any CPU
		{69B1888A-2CC9-4779-89AF-768DFC05352F}.Release|Any CPU.Build.0 = Release|Any CPU
		{F4AF4CEB-B5BA-431B-A7C2-27C82007AC5F}.Debug|Any CPU.ActiveCfg = Debug|Any CPU
		{F4AF4CEB-B5BA-431B-A7C2-27C82007AC5F}.Debug|Any CPU.Build.0 = Debug|Any CPU
		{F4AF4CEB-B5BA-431B-A7C2-27C82007AC5F}.Release|Any CPU.ActiveCfg = Release|Any CPU
		{F4AF4CEB-B5BA-431B-A7C2-27C82007AC5F}.Release|Any CPU.Build.0 = Release|Any CPU
		{43BDEB0D-988B-4C0A-9E94-5581456B6DCE}.Debug|Any CPU.ActiveCfg = Debug|Any CPU
		{43BDEB0D-988B-4C0A-9E94-5581456B6DCE}.Debug|Any CPU.Build.0 = Debug|Any CPU
		{43BDEB0D-988B-4C0A-9E94-5581456B6DCE}.Release|Any CPU.ActiveCfg = Release|Any CPU
		{43BDEB0D-988B-4C0A-9E94-5581456B6DCE}.Release|Any CPU.Build.0 = Release|Any CPU
	EndGlobalSection
	GlobalSection(SolutionProperties) = preSolution
		HideSolutionNode = FALSE
	EndGlobalSection
	GlobalSection(ExtensibilityGlobals) = postSolution
		SolutionGuid = {8A040E66-1226-4760-9F9E-CF4B267C171A}
	EndGlobalSection
EndGlobal
