
Microsoft Visual Studio Solution File, Format Version 12.00
# Visual Studio Version 16
VisualStudioVersion = 16.0.30413.136
MinimumVisualStudioVersion = 10.0.40219.1
Project("{FAE04EC0-301F-11D3-BF4B-00C04F79EFBC}") = "Task1", "Task1\Task1.csproj", "{4676CC1B-705E-4764-A280-AF9419F09CA9}"
EndProject
Project("{FAE04EC0-301F-11D3-BF4B-00C04F79EFBC}") = "Task2", "Task2\Task2.csproj", "{40752BC7-2F1D-4406-9676-84540D5DFB24}"
EndProject
Project("{FAE04EC0-301F-11D3-BF4B-00C04F79EFBC}") = "Task3", "Task3\Task3.csproj", "{B35B6D58-9049-4755-8C54-364FA692358D}"
EndProject
Project("{FAE04EC0-301F-11D3-BF4B-00C04F79EFBC}") = "Task4", "Task4\Task4.csproj", "{A235FFB9-116F-4710-9D73-CBBB9FD9F327}"
EndProject
Global
	GlobalSection(SolutionConfigurationPlatforms) = preSolution
		Debug|Any CPU = Debug|Any CPU
		Release|Any CPU = Release|Any CPU
	EndGlobalSection
	GlobalSection(ProjectConfigurationPlatforms) = postSolution
		{4676CC1B-705E-4764-A280-AF9419F09CA9}.Debug|Any CPU.ActiveCfg = Debug|Any CPU
		{4676CC1B-705E-4764-A280-AF9419F09CA9}.Debug|Any CPU.Build.0 = Debug|Any CPU
		{4676CC1B-705E-4764-A280-AF9419F09CA9}.Release|Any CPU.ActiveCfg = Release|Any CPU
		{4676CC1B-705E-4764-A280-AF9419F09CA9}.Release|Any CPU.Build.0 = Release|Any CPU
		{40752BC7-2F1D-4406-9676-84540D5DFB24}.Debug|Any CPU.ActiveCfg = Debug|Any CPU
		{40752BC7-2F1D-4406-9676-84540D5DFB24}.Debug|Any CPU.Build.0 = Debug|Any CPU
		{40752BC7-2F1D-4406-9676-84540D5DFB24}.Release|Any CPU.ActiveCfg = Release|Any CPU
		{40752BC7-2F1D-4406-9676-84540D5DFB24}.Release|Any CPU.Build.0 = Release|Any CPU
		{B35B6D58-9049-4755-8C54-364FA692358D}.Debug|Any CPU.ActiveCfg = Debug|Any CPU
		{B35B6D58-9049-4755-8C54-364FA692358D}.Debug|Any CPU.Build.0 = Debug|Any CPU
		{B35B6D58-9049-4755-8C54-364FA692358D}.Release|Any CPU.ActiveCfg = Release|Any CPU
		{B35B6D58-9049-4755-8C54-364FA692358D}.Release|Any CPU.Build.0 = Release|Any CPU
		{A235FFB9-116F-4710-9D73-CBBB9FD9F327}.Debug|Any CPU.ActiveCfg = Debug|Any CPU
		{A235FFB9-116F-4710-9D73-CBBB9FD9F327}.Debug|Any CPU.Build.0 = Debug|Any CPU
		{A235FFB9-116F-4710-9D73-CBBB9FD9F327}.Release|Any CPU.ActiveCfg = Release|Any CPU
		{A235FFB9-116F-4710-9D73-CBBB9FD9F327}.Release|Any CPU.Build.0 = Release|Any CPU
	EndGlobalSection
	GlobalSection(SolutionProperties) = preSolution
		HideSolutionNode = FALSE
	EndGlobalSection
	GlobalSection(ExtensibilityGlobals) = postSolution
		SolutionGuid = {73E33A97-B990-4E09-9213-5970EDBE5D2D}
	EndGlobalSection
EndGlobal
