
Microsoft Visual Studio Solution File, Format Version 12.00
# Visual Studio Version 16
VisualStudioVersion = 16.0.32413.511
MinimumVisualStudioVersion = 10.0.40219.1
Project("{9A19103F-16F7-4668-BE54-9A1E7A4F7556}") = "EmployeeListHandlerUI", "EmployeeListHandlerUI\EmployeeListHandlerUI.csproj", "{E8D4DDEC-6CF1-4765-B5DD-8B817E43E085}"
EndProject
Project("{9A19103F-16F7-4668-BE54-9A1E7A4F7556}") = "EmployeeListFileHandler", "EmployeeListFileHandler\EmployeeListFileHandler.csproj", "{2EE8420D-4D81-4FB3-BD89-95574E4CD5A1}"
EndProject
Project("{FAE04EC0-301F-11D3-BF4B-00C04F79EFBC}") = "CommandLineHandler", "CommandLineHandler\CommandLineHandler.csproj", "{5C3C3CB0-F7F8-4784-8919-1FA1735C6FC9}"
EndProject
Project("{FAE04EC0-301F-11D3-BF4B-00C04F79EFBC}") = "EmployeeListFileHandlerTests", "EmployeeListFileHandlerTests\EmployeeListFileHandlerTests.csproj", "{986CA0B0-E6E1-41D2-996B-C6308403C389}"
EndProject
Project("{FAE04EC0-301F-11D3-BF4B-00C04F79EFBC}") = "EmployeeEntityLibrary", "EmployeeEntityLibrary\EmployeeEntityLibrary.csproj", "{D9D86667-208C-4FF8-B4D2-D9EB00E4C7B9}"
EndProject
Global
	GlobalSection(SolutionConfigurationPlatforms) = preSolution
		Debug|Any CPU = Debug|Any CPU
		Release|Any CPU = Release|Any CPU
	EndGlobalSection
	GlobalSection(ProjectConfigurationPlatforms) = postSolution
		{E8D4DDEC-6CF1-4765-B5DD-8B817E43E085}.Debug|Any CPU.ActiveCfg = Debug|Any CPU
		{E8D4DDEC-6CF1-4765-B5DD-8B817E43E085}.Debug|Any CPU.Build.0 = Debug|Any CPU
		{E8D4DDEC-6CF1-4765-B5DD-8B817E43E085}.Release|Any CPU.ActiveCfg = Release|Any CPU
		{E8D4DDEC-6CF1-4765-B5DD-8B817E43E085}.Release|Any CPU.Build.0 = Release|Any CPU
		{2EE8420D-4D81-4FB3-BD89-95574E4CD5A1}.Debug|Any CPU.ActiveCfg = Debug|Any CPU
		{2EE8420D-4D81-4FB3-BD89-95574E4CD5A1}.Debug|Any CPU.Build.0 = Debug|Any CPU
		{2EE8420D-4D81-4FB3-BD89-95574E4CD5A1}.Release|Any CPU.ActiveCfg = Release|Any CPU
		{2EE8420D-4D81-4FB3-BD89-95574E4CD5A1}.Release|Any CPU.Build.0 = Release|Any CPU
		{5C3C3CB0-F7F8-4784-8919-1FA1735C6FC9}.Debug|Any CPU.ActiveCfg = Debug|Any CPU
		{5C3C3CB0-F7F8-4784-8919-1FA1735C6FC9}.Debug|Any CPU.Build.0 = Debug|Any CPU
		{5C3C3CB0-F7F8-4784-8919-1FA1735C6FC9}.Release|Any CPU.ActiveCfg = Release|Any CPU
		{5C3C3CB0-F7F8-4784-8919-1FA1735C6FC9}.Release|Any CPU.Build.0 = Release|Any CPU
		{986CA0B0-E6E1-41D2-996B-C6308403C389}.Debug|Any CPU.ActiveCfg = Debug|Any CPU
		{986CA0B0-E6E1-41D2-996B-C6308403C389}.Debug|Any CPU.Build.0 = Debug|Any CPU
		{986CA0B0-E6E1-41D2-996B-C6308403C389}.Release|Any CPU.ActiveCfg = Release|Any CPU
		{986CA0B0-E6E1-41D2-996B-C6308403C389}.Release|Any CPU.Build.0 = Release|Any CPU
		{D9D86667-208C-4FF8-B4D2-D9EB00E4C7B9}.Debug|Any CPU.ActiveCfg = Debug|Any CPU
		{D9D86667-208C-4FF8-B4D2-D9EB00E4C7B9}.Debug|Any CPU.Build.0 = Debug|Any CPU
		{D9D86667-208C-4FF8-B4D2-D9EB00E4C7B9}.Release|Any CPU.ActiveCfg = Release|Any CPU
		{D9D86667-208C-4FF8-B4D2-D9EB00E4C7B9}.Release|Any CPU.Build.0 = Release|Any CPU
	EndGlobalSection
	GlobalSection(SolutionProperties) = preSolution
		HideSolutionNode = FALSE
	EndGlobalSection
	GlobalSection(ExtensibilityGlobals) = postSolution
		SolutionGuid = {F46A39A9-44BF-456E-BBFE-021C40EE0FDA}
	EndGlobalSection
EndGlobal
