
Microsoft Visual Studio Solution File, Format Version 12.00
# Visual Studio Version 16
VisualStudioVersion = 16.0.30413.136
MinimumVisualStudioVersion = 10.0.40219.1
Project("{9A19103F-16F7-4668-BE54-9A1E7A4F7556}") = "Task1", "Task1\Task1.csproj", "{BDBE19D2-7069-4766-AEE6-803944D6D6BA}"
EndProject
Project("{9A19103F-16F7-4668-BE54-9A1E7A4F7556}") = "Task2", "Task2\Task2.csproj", "{974A0E3C-0969-4CBD-817C-54566079C37D}"
EndProject
Project("{FAE04EC0-301F-11D3-BF4B-00C04F79EFBC}") = "Task3", "Task3\Task3.csproj", "{1A5234E1-961F-46D4-83F8-6667DCDB7F65}"
EndProject
Global
	GlobalSection(SolutionConfigurationPlatforms) = preSolution
		Debug|Any CPU = Debug|Any CPU
		Release|Any CPU = Release|Any CPU
	EndGlobalSection
	GlobalSection(ProjectConfigurationPlatforms) = postSolution
		{BDBE19D2-7069-4766-AEE6-803944D6D6BA}.Debug|Any CPU.ActiveCfg = Debug|Any CPU
		{BDBE19D2-7069-4766-AEE6-803944D6D6BA}.Debug|Any CPU.Build.0 = Debug|Any CPU
		{BDBE19D2-7069-4766-AEE6-803944D6D6BA}.Release|Any CPU.ActiveCfg = Release|Any CPU
		{BDBE19D2-7069-4766-AEE6-803944D6D6BA}.Release|Any CPU.Build.0 = Release|Any CPU
		{974A0E3C-0969-4CBD-817C-54566079C37D}.Debug|Any CPU.ActiveCfg = Debug|Any CPU
		{974A0E3C-0969-4CBD-817C-54566079C37D}.Debug|Any CPU.Build.0 = Debug|Any CPU
		{974A0E3C-0969-4CBD-817C-54566079C37D}.Release|Any CPU.ActiveCfg = Release|Any CPU
		{974A0E3C-0969-4CBD-817C-54566079C37D}.Release|Any CPU.Build.0 = Release|Any CPU
		{1A5234E1-961F-46D4-83F8-6667DCDB7F65}.Debug|Any CPU.ActiveCfg = Debug|Any CPU
		{1A5234E1-961F-46D4-83F8-6667DCDB7F65}.Debug|Any CPU.Build.0 = Debug|Any CPU
		{1A5234E1-961F-46D4-83F8-6667DCDB7F65}.Release|Any CPU.ActiveCfg = Release|Any CPU
		{1A5234E1-961F-46D4-83F8-6667DCDB7F65}.Release|Any CPU.Build.0 = Release|Any CPU
	EndGlobalSection
	GlobalSection(SolutionProperties) = preSolution
		HideSolutionNode = FALSE
	EndGlobalSection
	GlobalSection(ExtensibilityGlobals) = postSolution
		SolutionGuid = {8876935A-320E-4A7D-A496-59C6D1FD39E4}
	EndGlobalSection
EndGlobal
