
Microsoft Visual Studio Solution File, Format Version 12.00
# Visual Studio Version 16
VisualStudioVersion = 16.0.31702.278
MinimumVisualStudioVersion = 10.0.40219.1
Project("{FAE04EC0-301F-11D3-BF4B-00C04F79EFBC}") = "FileHandler", "FileHandler\FileHandler.csproj", "{BEC5964A-3CA8-468E-A147-D1CCDD03B856}"
EndProject
Project("{FAE04EC0-301F-11D3-BF4B-00C04F79EFBC}") = "FileHandlerUI", "FileHandlerUI\FileHandlerUI.csproj", "{9994ADCB-AA8E-47A0-8118-5F763F0F06C5}"
EndProject
Global
	GlobalSection(SolutionConfigurationPlatforms) = preSolution
		Debug|Any CPU = Debug|Any CPU
		Release|Any CPU = Release|Any CPU
	EndGlobalSection
	GlobalSection(ProjectConfigurationPlatforms) = postSolution
		{BEC5964A-3CA8-468E-A147-D1CCDD03B856}.Debug|Any CPU.ActiveCfg = Debug|Any CPU
		{BEC5964A-3CA8-468E-A147-D1CCDD03B856}.Debug|Any CPU.Build.0 = Debug|Any CPU
		{BEC5964A-3CA8-468E-A147-D1CCDD03B856}.Release|Any CPU.ActiveCfg = Release|Any CPU
		{BEC5964A-3CA8-468E-A147-D1CCDD03B856}.Release|Any CPU.Build.0 = Release|Any CPU
		{9994ADCB-AA8E-47A0-8118-5F763F0F06C5}.Debug|Any CPU.ActiveCfg = Debug|Any CPU
		{9994ADCB-AA8E-47A0-8118-5F763F0F06C5}.Debug|Any CPU.Build.0 = Debug|Any CPU
		{9994ADCB-AA8E-47A0-8118-5F763F0F06C5}.Release|Any CPU.ActiveCfg = Release|Any CPU
		{9994ADCB-AA8E-47A0-8118-5F763F0F06C5}.Release|Any CPU.Build.0 = Release|Any CPU
	EndGlobalSection
	GlobalSection(SolutionProperties) = preSolution
		HideSolutionNode = FALSE
	EndGlobalSection
	GlobalSection(ExtensibilityGlobals) = postSolution
		SolutionGuid = {A660FEC2-3123-435E-A120-DFEF6161ED65}
	EndGlobalSection
EndGlobal
